
Microsoft Visual Studio Solution File, Format Version 12.00
# Visual Studio Version 17
VisualStudioVersion = 17.0.31919.166
MinimumVisualStudioVersion = 10.0.40219.1
Project("{FAE04EC0-301F-11D3-BF4B-00C04F79EFBC}") = "AdventOfCode", "AdventOfCode\AdventOfCode.csproj", "{3CA70805-7B74-4EC9-8CB2-0882A49F3074}"
EndProject
Global
	GlobalSection(SolutionConfigurationPlatforms) = preSolution
		Debug|Any CPU = Debug|Any CPU
		Release|Any CPU = Release|Any CPU
	EndGlobalSection
	GlobalSection(ProjectConfigurationPlatforms) = postSolution
		{3CA70805-7B74-4EC9-8CB2-0882A49F3074}.Debug|Any CPU.ActiveCfg = Debug|Any CPU
		{3CA70805-7B74-4EC9-8CB2-0882A49F3074}.Debug|Any CPU.Build.0 = Debug|Any CPU
		{3CA70805-7B74-4EC9-8CB2-0882A49F3074}.Release|Any CPU.ActiveCfg = Release|Any CPU
		{3CA70805-7B74-4EC9-8CB2-0882A49F3074}.Release|Any CPU.Build.0 = Release|Any CPU
	EndGlobalSection
	GlobalSection(SolutionProperties) = preSolution
		HideSolutionNode = FALSE
	EndGlobalSection
	GlobalSection(ExtensibilityGlobals) = postSolution
		SolutionGuid = {47673B6D-97D5-4244-8008-23E07B63393E}
	EndGlobalSection
EndGlobal
